
Microsoft Visual Studio Solution File, Format Version 12.00
# Visual Studio Version 16
VisualStudioVersion = 16.0.29215.179
MinimumVisualStudioVersion = 10.0.40219.1
Project("{FAE04EC0-301F-11D3-BF4B-00C04F79EFBC}") = "ImageCompression", "ImageCompression\ImageCompression.csproj", "{8C986575-1540-4FBE-9A77-D75EB3BF3F3E}"
EndProject
Global
	GlobalSection(SolutionConfigurationPlatforms) = preSolution
		Debug|Any CPU = Debug|Any CPU
		Release|Any CPU = Release|Any CPU
	EndGlobalSection
	GlobalSection(ProjectConfigurationPlatforms) = postSolution
		{8C986575-1540-4FBE-9A77-D75EB3BF3F3E}.Debug|Any CPU.ActiveCfg = Debug|Any CPU
		{8C986575-1540-4FBE-9A77-D75EB3BF3F3E}.Debug|Any CPU.Build.0 = Debug|Any CPU
		{8C986575-1540-4FBE-9A77-D75EB3BF3F3E}.Release|Any CPU.ActiveCfg = Release|Any CPU
		{8C986575-1540-4FBE-9A77-D75EB3BF3F3E}.Release|Any CPU.Build.0 = Release|Any CPU
	EndGlobalSection
	GlobalSection(SolutionProperties) = preSolution
		HideSolutionNode = FALSE
	EndGlobalSection
	GlobalSection(ExtensibilityGlobals) = postSolution
		SolutionGuid = {06FA6EE9-EEC3-47C6-8B72-26D1E115C18C}
	EndGlobalSection
EndGlobal
